
Microsoft Visual Studio Solution File, Format Version 12.00
# Visual Studio Version 16
VisualStudioVersion = 16.0.32929.386
MinimumVisualStudioVersion = 10.0.40219.1
Project("{FAE04EC0-301F-11D3-BF4B-00C04F79EFBC}") = "Poligon", "Poligon\Poligon.csproj", "{96965084-EEAE-47C7-9F6E-9F7429379B01}"
EndProject
Global
	GlobalSection(SolutionConfigurationPlatforms) = preSolution
		Debug|Any CPU = Debug|Any CPU
		Release|Any CPU = Release|Any CPU
	EndGlobalSection
	GlobalSection(ProjectConfigurationPlatforms) = postSolution
		{96965084-EEAE-47C7-9F6E-9F7429379B01}.Debug|Any CPU.ActiveCfg = Debug|Any CPU
		{96965084-EEAE-47C7-9F6E-9F7429379B01}.Debug|Any CPU.Build.0 = Debug|Any CPU
		{96965084-EEAE-47C7-9F6E-9F7429379B01}.Release|Any CPU.ActiveCfg = Release|Any CPU
		{96965084-EEAE-47C7-9F6E-9F7429379B01}.Release|Any CPU.Build.0 = Release|Any CPU
	EndGlobalSection
	GlobalSection(SolutionProperties) = preSolution
		HideSolutionNode = FALSE
	EndGlobalSection
	GlobalSection(ExtensibilityGlobals) = postSolution
		SolutionGuid = {83CA773E-B7BC-4BB7-8CA7-CEAB0CE68609}
	EndGlobalSection
EndGlobal
